{
  "nodes": {
    "home-manager": {
      "inputs": {
        "nixpkgs": [
          "nixpkgs"
        ]
      },
      "locked": {
        "lastModified": 1790365885,
        "narHash": "sha256-iQ0ebhiVo64NktTnwft9hNxlFu4j5cvljVxyJaEVIP4=",
        "owner": "nix-community",
        "repo": "home-manager",
        "rev": "7b4c5ec4bedaf1e062bbc1bcaeddbc6bd242aa1b",
        "type": "github"
      },
      "original": {
        "owner": "nix-community",
        "repo": "home-manager",
        "type": "github"
      }
    },
    "home-manager_2": {
      "inputs": {
        "nixpkgs": [
          "zen-browser",
          "nixpkgs"
        ]
      },
      "locked": {
        "lastModified": 1789430117,
        "narHash": "sha256-t+U1mijItLJ64xZOifpfQ17kpAL73nU7pDI48ScacVc=",
        "owner": "nix-community",
        "repo": "home-manager",
        "rev": "cda90fd8838825c689fde9d3f3b4e937937790df",
        "type": "github"
      },
      "original": {
        "owner": "nix-community",
        "repo": "home-manager",
        "type": "github"
      }
    },
    "nix-flatpak": {
      "locked": {
        "lastModified": 1790428548,
        "narHash": "sha256-OsZ/I7v3ArCrk0XOUvkiU1dFtGtE1qZTHRGjvBXIKUU=",
        "owner": "gmodena",
        "repo": "nix-flatpak",
        "rev": "f1f045fc8b35ff59f88982c1752d3f3a42ca6a61",
        "type": "github"
      },
      "original": {
        "owner": "gmodena",
        "repo": "nix-flatpak",
        "type": "github"
      }
    },
    "nix-index-database": {
      "inputs": {
        "nixpkgs": [
          "nixpkgs"
        ]
      },
      "locked": {
        "lastModified": 1789892076,
        "narHash": "sha256-Dkg4VKPmDPqTwaiw2WH5br73tXoL1qrOO0xJnR4TlcA=",
        "owner": "nix-community",
        "repo": "nix-index-database",
        "rev": "9ad722673ab3b3f91f02135e53775825b240b869",
        "type": "github"
      },
      "original": {
        "owner": "nix-community",
        "repo": "nix-index-database",
        "type": "github"
      }
    },
    "nixos-hardware": {
      "inputs": {
        "nixpkgs": [
          "nixpkgs"
        ]
      },
      "locked": {
        "lastModified": 1790321948,
        "narHash": "sha256-mZGHLGi217oLIwzDM4PNRZeCNa6g2WBXURyXbNMFs7Y=",
        "owner": "NixOS",
        "repo": "nixos-hardware",
        "rev": "30d48a0ec6035f8140d0125af274f0de95f1e9b5",
        "type": "github"
      },
      "original": {
        "owner": "NixOS",
        "repo": "nixos-hardware",
        "type": "github"
      }
    },
    "nixpkgs": {
      "locked": {
        "lastModified": 1790323409,
        "narHash": "sha256-VVTPf+Hyd5ebpjBMHmrLMSBIeW6ls48Bqtosj7CNKLA=",
        "owner": "NixOS",
        "repo": "nixpkgs",
        "rev": "e94cb152ed51bd6e24eb4a41f1460252beb52cd2",
        "type": "github"
      },
      "original": {
        "owner": "NixOS",
        "ref": "nixos-unstable",
        "repo": "nixpkgs",
        "type": "github"
      }
    },
    "root": {
      "inputs": {
        "home-manager": "home-manager",
        "nix-flatpak": "nix-flatpak",
        "nix-index-database": "nix-index-database",
        "nixos-hardware": "nixos-hardware",
        "nixpkgs": "nixpkgs",
        "rust-overlay": "rust-overlay",
        "zen-browser": "zen-browser"
      }
    },
    "rust-overlay": {
      "inputs": {
        "nixpkgs": [
          "nixpkgs"
        ]
      },
      "locked": {
        "lastModified": 1790407471,
        "narHash": "sha256-M8elY2UShg4ZuLTiRLEHO+ae5xQFp3/ReQdxp/R+1UU=",
        "owner": "oxalica",
        "repo": "rust-overlay",
        "rev": "4e9bb05a9ab6c37dc74c22974ebed6e36dc73eb2",
        "type": "github"
      },
      "original": {
        "owner": "oxalica",
        "repo": "rust-overlay",
        "type": "github"
      }
    },
    "zen-browser": {
      "inputs": {
        "home-manager": "home-manager_2",
        "nixpkgs": [
          "nixpkgs"
        ]
      },
      "locked": {
        "lastModified": 1790160881,
        "narHash": "sha256-VTHBBI0EvApXSssCthrYLsrGN4/0nM/tW9A17NEmKEU=",
        "owner": "0xc000022070",
        "repo": "zen-browser-flake",
        "rev": "1b16ef2b81078b5f363e6bb689d2193f8eccadb7",
        "type": "github"
      },
      "original": {
        "owner": "0xc000022070",
        "ref": "beta",
        "repo": "zen-browser-flake",
        "type": "github"
      }
    }
  },
  "root": "root",
  "version": 7
}
